
Microsoft Visual Studio Solution File, Format Version 12.00
# Visual Studio Version 17
VisualStudioVersion = 17.4.33205.214
MinimumVisualStudioVersion = 10.0.40219.1
Project("{FAE04EC0-301F-11D3-BF4B-00C04F79EFBC}") = "MvcMovie", "MvcMovie.csproj", "{D4DAC060-F6FF-4B83-8371-903CDC061D22}"
EndProject
Global
	GlobalSection(SolutionConfigurationPlatforms) = preSolution
		Debug|Any CPU = Debug|Any CPU
		Release|Any CPU = Release|Any CPU
	EndGlobalSection
	GlobalSection(ProjectConfigurationPlatforms) = postSolution
		{D4DAC060-F6FF-4B83-8371-903CDC061D22}.Debug|Any CPU.ActiveCfg = Debug|Any CPU
		{D4DAC060-F6FF-4B83-8371-903CDC061D22}.Debug|Any CPU.Build.0 = Debug|Any CPU
		{D4DAC060-F6FF-4B83-8371-903CDC061D22}.Release|Any CPU.ActiveCfg = Release|Any CPU
		{D4DAC060-F6FF-4B83-8371-903CDC061D22}.Release|Any CPU.Build.0 = Release|Any CPU
	EndGlobalSection
	GlobalSection(SolutionProperties) = preSolution
		HideSolutionNode = FALSE
	EndGlobalSection
	GlobalSection(ExtensibilityGlobals) = postSolution
		SolutionGuid = {B694B58D-D4EF-42C4-A76A-CF3BF1F054E5}
	EndGlobalSection
EndGlobal
